// !$*UTF8*$!
{
	archiveVersion = 1;
	classes = {
	};
	objectVersion = 50;
	objects = {

/* Begin PBXBuildFile section */
		239951B5233E5D0600AD2675 /* AppDelegate.swift in Sources */ = {isa = PBXBuildFile; fileRef = 239951B4233E5D0600AD2675 /* AppDelegate.swift */; };
		239951CD233E9A2900AD2675 /* Assets.xcassets in Resources */ = {isa = PBXBuildFile; fileRef = 239951C7233E9A2900AD2675 /* Assets.xcassets */; };
		239951CF233E9A2900AD2675 /* LaunchScreen.storyboard in Resources */ = {isa = PBXBuildFile; fileRef = 239951CB233E9A2900AD2675 /* LaunchScreen.storyboard */; };
		239951D0233E9A2900AD2675 /* Main.storyboard in Resources */ = {isa = PBXBuildFile; fileRef = 239951CC233E9A2900AD2675 /* Main.storyboard */; };
		239951D5233EA24B00AD2675 /* PostTableViewCell.swift in Sources */ = {isa = PBXBuildFile; fileRef = 239951D3233EA24B00AD2675 /* PostTableViewCell.swift */; };
		239951D6233EA24B00AD2675 /* PostTableViewCell.xib in Resources */ = {isa = PBXBuildFile; fileRef = 239951D4233EA24B00AD2675 /* PostTableViewCell.xib */; };
		239951DC233EB58600AD2675 /* PostViewModelProtocol.swift in Sources */ = {isa = PBXBuildFile; fileRef = 239951DB233EB58600AD2675 /* PostViewModelProtocol.swift */; };
		239951DF233EB63F00AD2675 /* PostMock.swift in Sources */ = {isa = PBXBuildFile; fileRef = 239951DE233EB63F00AD2675 /* PostMock.swift */; };
		239951E2233EB81200AD2675 /* PostViewModel.swift in Sources */ = {isa = PBXBuildFile; fileRef = 239951E1233EB81200AD2675 /* PostViewModel.swift */; };
		239951E8233EBD0500AD2675 /* RemoteImage+UIImageView.swift in Sources */ = {isa = PBXBuildFile; fileRef = 239951E7233EBD0500AD2675 /* RemoteImage+UIImageView.swift */; };
		239951EC233F857B00AD2675 /* UserInteractionProtocol.swift in Sources */ = {isa = PBXBuildFile; fileRef = 239951EB233F857B00AD2675 /* UserInteractionProtocol.swift */; };
		239951F1233F867100AD2675 /* HomeViewController+TableView.swift in Sources */ = {isa = PBXBuildFile; fileRef = 239951EE233F867100AD2675 /* HomeViewController+TableView.swift */; };
		239951F2233F867100AD2675 /* HomeViewController+InteractionProtocol.swift in Sources */ = {isa = PBXBuildFile; fileRef = 239951EF233F867100AD2675 /* HomeViewController+InteractionProtocol.swift */; };
		239951F3233F867100AD2675 /* HomeViewController.swift in Sources */ = {isa = PBXBuildFile; fileRef = 239951F0233F867100AD2675 /* HomeViewController.swift */; };
		239951F6233F869200AD2675 /* DetailViewController.swift in Sources */ = {isa = PBXBuildFile; fileRef = 239951F5233F869200AD2675 /* DetailViewController.swift */; };
		239951F9233F9A3200AD2675 /* DetailViewController+UserNameLabel.swift in Sources */ = {isa = PBXBuildFile; fileRef = 239951F8233F9A3200AD2675 /* DetailViewController+UserNameLabel.swift */; };
		239951FB233F9AAE00AD2675 /* DetailViewController+PostImage.swift in Sources */ = {isa = PBXBuildFile; fileRef = 239951FA233F9AAE00AD2675 /* DetailViewController+PostImage.swift */; };
		239951FD233F9AE200AD2675 /* DetailViewController+PostLabel.swift in Sources */ = {isa = PBXBuildFile; fileRef = 239951FC233F9AE200AD2675 /* DetailViewController+PostLabel.swift */; };
		23995200233FA62900AD2675 /* SaveGalleryManager.swift in Sources */ = {isa = PBXBuildFile; fileRef = 239951FF233FA62900AD2675 /* SaveGalleryManager.swift */; };
		23995202233FA8DA00AD2675 /* DetailViewController+SaveGallery.swift in Sources */ = {isa = PBXBuildFile; fileRef = 23995201233FA8DA00AD2675 /* DetailViewController+SaveGallery.swift */; };
		23995204233FB66E00AD2675 /* SaveGalleryManagerProtocol.swift in Sources */ = {isa = PBXBuildFile; fileRef = 23995203233FB66E00AD2675 /* SaveGalleryManagerProtocol.swift */; };
		23995206233FC6DB00AD2675 /* LocalStorageManager.swift in Sources */ = {isa = PBXBuildFile; fileRef = 23995205233FC6DB00AD2675 /* LocalStorageManager.swift */; };
		23995209233FE4D100AD2675 /* NetworkService.swift in Sources */ = {isa = PBXBuildFile; fileRef = 23995208233FE4D100AD2675 /* NetworkService.swift */; };
		2399520C233FE53300AD2675 /* ReditApiNetworkRouter.swift in Sources */ = {isa = PBXBuildFile; fileRef = 2399520B233FE53300AD2675 /* ReditApiNetworkRouter.swift */; };
		23E29E89233FF97F00C0A80A /* RedditResponseDto.swift in Sources */ = {isa = PBXBuildFile; fileRef = 23E29E88233FF97F00C0A80A /* RedditResponseDto.swift */; };
		23E29E8B233FFC8A00C0A80A /* RedditPostsService.swift in Sources */ = {isa = PBXBuildFile; fileRef = 23E29E8A233FFC8A00C0A80A /* RedditPostsService.swift */; };
/* End PBXBuildFile section */

/* Begin PBXFileReference section */
		239951B1233E5D0600AD2675 /* JSReddit.app */ = {isa = PBXFileReference; explicitFileType = wrapper.application; includeInIndex = 0; path = JSReddit.app; sourceTree = BUILT_PRODUCTS_DIR; };
		239951B4233E5D0600AD2675 /* AppDelegate.swift */ = {isa = PBXFileReference; lastKnownFileType = sourcecode.swift; path = AppDelegate.swift; sourceTree = "<group>"; };
		239951C0233E5D0700AD2675 /* Info.plist */ = {isa = PBXFileReference; lastKnownFileType = text.plist.xml; path = Info.plist; sourceTree = "<group>"; };
		239951C7233E9A2900AD2675 /* Assets.xcassets */ = {isa = PBXFileReference; lastKnownFileType = folder.assetcatalog; path = Assets.xcassets; sourceTree = "<group>"; };
		239951CB233E9A2900AD2675 /* LaunchScreen.storyboard */ = {isa = PBXFileReference; fileEncoding = 4; lastKnownFileType = file.storyboard; path = LaunchScreen.storyboard; sourceTree = "<group>"; };
		239951CC233E9A2900AD2675 /* Main.storyboard */ = {isa = PBXFileReference; fileEncoding = 4; lastKnownFileType = file.storyboard; path = Main.storyboard; sourceTree = "<group>"; };
		239951D3233EA24B00AD2675 /* PostTableViewCell.swift */ = {isa = PBXFileReference; lastKnownFileType = sourcecode.swift; path = PostTableViewCell.swift; sourceTree = "<group>"; };
		239951D4233EA24B00AD2675 /* PostTableViewCell.xib */ = {isa = PBXFileReference; lastKnownFileType = file.xib; path = PostTableViewCell.xib; sourceTree = "<group>"; };
		239951DB233EB58600AD2675 /* PostViewModelProtocol.swift */ = {isa = PBXFileReference; lastKnownFileType = sourcecode.swift; path = PostViewModelProtocol.swift; sourceTree = "<group>"; };
		239951DE233EB63F00AD2675 /* PostMock.swift */ = {isa = PBXFileReference; lastKnownFileType = sourcecode.swift; path = PostMock.swift; sourceTree = "<group>"; };
		239951E1233EB81200AD2675 /* PostViewModel.swift */ = {isa = PBXFileReference; lastKnownFileType = sourcecode.swift; path = PostViewModel.swift; sourceTree = "<group>"; };
		239951E7233EBD0500AD2675 /* RemoteImage+UIImageView.swift */ = {isa = PBXFileReference; fileEncoding = 4; lastKnownFileType = sourcecode.swift; path = "RemoteImage+UIImageView.swift"; sourceTree = "<group>"; };
		239951EB233F857B00AD2675 /* UserInteractionProtocol.swift */ = {isa = PBXFileReference; lastKnownFileType = sourcecode.swift; path = UserInteractionProtocol.swift; sourceTree = "<group>"; };
		239951EE233F867100AD2675 /* HomeViewController+TableView.swift */ = {isa = PBXFileReference; fileEncoding = 4; lastKnownFileType = sourcecode.swift; path = "HomeViewController+TableView.swift"; sourceTree = "<group>"; };
		239951EF233F867100AD2675 /* HomeViewController+InteractionProtocol.swift */ = {isa = PBXFileReference; fileEncoding = 4; lastKnownFileType = sourcecode.swift; path = "HomeViewController+InteractionProtocol.swift"; sourceTree = "<group>"; };
		239951F0233F867100AD2675 /* HomeViewController.swift */ = {isa = PBXFileReference; fileEncoding = 4; lastKnownFileType = sourcecode.swift; path = HomeViewController.swift; sourceTree = "<group>"; };
		239951F5233F869200AD2675 /* DetailViewController.swift */ = {isa = PBXFileReference; lastKnownFileType = sourcecode.swift; path = DetailViewController.swift; sourceTree = "<group>"; };
		239951F8233F9A3200AD2675 /* DetailViewController+UserNameLabel.swift */ = {isa = PBXFileReference; lastKnownFileType = sourcecode.swift; path = "DetailViewController+UserNameLabel.swift"; sourceTree = "<group>"; };
		239951FA233F9AAE00AD2675 /* DetailViewController+PostImage.swift */ = {isa = PBXFileReference; lastKnownFileType = sourcecode.swift; path = "DetailViewController+PostImage.swift"; sourceTree = "<group>"; };
		239951FC233F9AE200AD2675 /* DetailViewController+PostLabel.swift */ = {isa = PBXFileReference; lastKnownFileType = sourcecode.swift; path = "DetailViewController+PostLabel.swift"; sourceTree = "<group>"; };
		239951FF233FA62900AD2675 /* SaveGalleryManager.swift */ = {isa = PBXFileReference; lastKnownFileType = sourcecode.swift; path = SaveGalleryManager.swift; sourceTree = "<group>"; };
		23995201233FA8DA00AD2675 /* DetailViewController+SaveGallery.swift */ = {isa = PBXFileReference; lastKnownFileType = sourcecode.swift; path = "DetailViewController+SaveGallery.swift"; sourceTree = "<group>"; };
		23995203233FB66E00AD2675 /* SaveGalleryManagerProtocol.swift */ = {isa = PBXFileReference; lastKnownFileType = sourcecode.swift; path = SaveGalleryManagerProtocol.swift; sourceTree = "<group>"; };
		23995205233FC6DB00AD2675 /* LocalStorageManager.swift */ = {isa = PBXFileReference; lastKnownFileType = sourcecode.swift; path = LocalStorageManager.swift; sourceTree = "<group>"; };
		23995208233FE4D100AD2675 /* NetworkService.swift */ = {isa = PBXFileReference; lastKnownFileType = sourcecode.swift; path = NetworkService.swift; sourceTree = "<group>"; };
		2399520B233FE53300AD2675 /* ReditApiNetworkRouter.swift */ = {isa = PBXFileReference; lastKnownFileType = sourcecode.swift; path = ReditApiNetworkRouter.swift; sourceTree = "<group>"; };
		23E29E88233FF97F00C0A80A /* RedditResponseDto.swift */ = {isa = PBXFileReference; lastKnownFileType = sourcecode.swift; path = RedditResponseDto.swift; sourceTree = "<group>"; };
		23E29E8A233FFC8A00C0A80A /* RedditPostsService.swift */ = {isa = PBXFileReference; lastKnownFileType = sourcecode.swift; path = RedditPostsService.swift; sourceTree = "<group>"; };
/* End PBXFileReference section */

/* Begin PBXFrameworksBuildPhase section */
		239951AE233E5D0600AD2675 /* Frameworks */ = {
			isa = PBXFrameworksBuildPhase;
			buildActionMask = 2147483647;
			files = (
			);
			runOnlyForDeploymentPostprocessing = 0;
		};
/* End PBXFrameworksBuildPhase section */

/* Begin PBXGroup section */
		239951A8233E5D0600AD2675 = {
			isa = PBXGroup;
			children = (
				239951B3233E5D0600AD2675 /* JSReddit */,
				239951B2233E5D0600AD2675 /* Products */,
			);
			sourceTree = "<group>";
		};
		239951B2233E5D0600AD2675 /* Products */ = {
			isa = PBXGroup;
			children = (
				239951B1233E5D0600AD2675 /* JSReddit.app */,
			);
			name = Products;
			sourceTree = "<group>";
		};
		239951B3233E5D0600AD2675 /* JSReddit */ = {
			isa = PBXGroup;
			children = (
				239951D9233EB56C00AD2675 /* Models */,
				23995207233FE4BC00AD2675 /* Services */,
				239951FE233FA61200AD2675 /* Managers */,
				239951C8233E9A2900AD2675 /* Controllers */,
				239951D1233EA22E00AD2675 /* UI */,
				239951CA233E9A2900AD2675 /* Storyboards */,
				239951E6233EBD0500AD2675 /* Extensions */,
				239951C6233E9A2900AD2675 /* Assets */,
				239951B4233E5D0600AD2675 /* AppDelegate.swift */,
				239951C0233E5D0700AD2675 /* Info.plist */,
			);
			path = JSReddit;
			sourceTree = "<group>";
		};
		239951C6233E9A2900AD2675 /* Assets */ = {
			isa = PBXGroup;
			children = (
				239951C7233E9A2900AD2675 /* Assets.xcassets */,
			);
			path = Assets;
			sourceTree = "<group>";
		};
		239951C8233E9A2900AD2675 /* Controllers */ = {
			isa = PBXGroup;
			children = (
				239951ED233F867100AD2675 /* Home */,
				239951F4233F868400AD2675 /* Detail */,
			);
			path = Controllers;
			sourceTree = "<group>";
		};
		239951CA233E9A2900AD2675 /* Storyboards */ = {
			isa = PBXGroup;
			children = (
				239951CB233E9A2900AD2675 /* LaunchScreen.storyboard */,
				239951CC233E9A2900AD2675 /* Main.storyboard */,
			);
			path = Storyboards;
			sourceTree = "<group>";
		};
		239951D1233EA22E00AD2675 /* UI */ = {
			isa = PBXGroup;
			children = (
				239951D2233EA22E00AD2675 /* Cells */,
			);
			path = UI;
			sourceTree = "<group>";
		};
		239951D2233EA22E00AD2675 /* Cells */ = {
			isa = PBXGroup;
			children = (
				239951D3233EA24B00AD2675 /* PostTableViewCell.swift */,
				239951D4233EA24B00AD2675 /* PostTableViewCell.xib */,
			);
			path = Cells;
			sourceTree = "<group>";
		};
		239951D9233EB56C00AD2675 /* Models */ = {
			isa = PBXGroup;
			children = (
				239951DA233EB56C00AD2675 /* Protocols */,
				23E29E87233FF84000C0A80A /* DTO */,
				239951E0233EB7F000AD2675 /* ViewModels */,
				239951DD233EB63000AD2675 /* Mocks */,
			);
			path = Models;
			sourceTree = "<group>";
		};
		239951DA233EB56C00AD2675 /* Protocols */ = {
			isa = PBXGroup;
			children = (
				239951DB233EB58600AD2675 /* PostViewModelProtocol.swift */,
				239951EB233F857B00AD2675 /* UserInteractionProtocol.swift */,
				23995203233FB66E00AD2675 /* SaveGalleryManagerProtocol.swift */,
			);
			path = Protocols;
			sourceTree = "<group>";
		};
		239951DD233EB63000AD2675 /* Mocks */ = {
			isa = PBXGroup;
			children = (
				239951DE233EB63F00AD2675 /* PostMock.swift */,
			);
			path = Mocks;
			sourceTree = "<group>";
		};
		239951E0233EB7F000AD2675 /* ViewModels */ = {
			isa = PBXGroup;
			children = (
				239951E1233EB81200AD2675 /* PostViewModel.swift */,
			);
			path = ViewModels;
			sourceTree = "<group>";
		};
		239951E6233EBD0500AD2675 /* Extensions */ = {
			isa = PBXGroup;
			children = (
				239951E7233EBD0500AD2675 /* RemoteImage+UIImageView.swift */,
			);
			path = Extensions;
			sourceTree = "<group>";
		};
		239951ED233F867100AD2675 /* Home */ = {
			isa = PBXGroup;
			children = (
				239951F0233F867100AD2675 /* HomeViewController.swift */,
				239951EE233F867100AD2675 /* HomeViewController+TableView.swift */,
				239951EF233F867100AD2675 /* HomeViewController+InteractionProtocol.swift */,
			);
			path = Home;
			sourceTree = "<group>";
		};
		239951F4233F868400AD2675 /* Detail */ = {
			isa = PBXGroup;
			children = (
				239951F5233F869200AD2675 /* DetailViewController.swift */,
				23995201233FA8DA00AD2675 /* DetailViewController+SaveGallery.swift */,
				239951F7233F9A1A00AD2675 /* UIComponents */,
			);
			path = Detail;
			sourceTree = "<group>";
		};
		239951F7233F9A1A00AD2675 /* UIComponents */ = {
			isa = PBXGroup;
			children = (
				239951F8233F9A3200AD2675 /* DetailViewController+UserNameLabel.swift */,
				239951FA233F9AAE00AD2675 /* DetailViewController+PostImage.swift */,
				239951FC233F9AE200AD2675 /* DetailViewController+PostLabel.swift */,
			);
			path = UIComponents;
			sourceTree = "<group>";
		};
		239951FE233FA61200AD2675 /* Managers */ = {
			isa = PBXGroup;
			children = (
				239951FF233FA62900AD2675 /* SaveGalleryManager.swift */,
				23995205233FC6DB00AD2675 /* LocalStorageManager.swift */,
			);
			path = Managers;
			sourceTree = "<group>";
		};
		23995207233FE4BC00AD2675 /* Services */ = {
			isa = PBXGroup;
			children = (
				2399520A233FE51E00AD2675 /* Router */,
				23995208233FE4D100AD2675 /* NetworkService.swift */,
				23E29E8A233FFC8A00C0A80A /* RedditPostsService.swift */,
			);
			path = Services;
			sourceTree = "<group>";
		};
		2399520A233FE51E00AD2675 /* Router */ = {
			isa = PBXGroup;
			children = (
				2399520B233FE53300AD2675 /* ReditApiNetworkRouter.swift */,
			);
			path = Router;
			sourceTree = "<group>";
		};
		23E29E87233FF84000C0A80A /* DTO */ = {
			isa = PBXGroup;
			children = (
				23E29E88233FF97F00C0A80A /* RedditResponseDto.swift */,
			);
			path = DTO;
			sourceTree = "<group>";
		};
/* End PBXGroup section */

/* Begin PBXNativeTarget section */
		239951B0233E5D0600AD2675 /* JSReddit */ = {
			isa = PBXNativeTarget;
			buildConfigurationList = 239951C3233E5D0700AD2675 /* Build configuration list for PBXNativeTarget "JSReddit" */;
			buildPhases = (
				239951AD233E5D0600AD2675 /* Sources */,
				239951AE233E5D0600AD2675 /* Frameworks */,
				239951AF233E5D0600AD2675 /* Resources */,
			);
			buildRules = (
			);
			dependencies = (
			);
			name = JSReddit;
			productName = JSReddit;
			productReference = 239951B1233E5D0600AD2675 /* JSReddit.app */;
			productType = "com.apple.product-type.application";
		};
/* End PBXNativeTarget section */

/* Begin PBXProject section */
		239951A9233E5D0600AD2675 /* Project object */ = {
			isa = PBXProject;
			attributes = {
				LastSwiftUpdateCheck = 1010;
				LastUpgradeCheck = 1010;
				ORGANIZATIONNAME = JuanSanzone;
				TargetAttributes = {
					239951B0233E5D0600AD2675 = {
						CreatedOnToolsVersion = 10.1;
					};
				};
			};
			buildConfigurationList = 239951AC233E5D0600AD2675 /* Build configuration list for PBXProject "JSReddit" */;
			compatibilityVersion = "Xcode 9.3";
			developmentRegion = en;
			hasScannedForEncodings = 0;
			knownRegions = (
				en,
				Base,
			);
			mainGroup = 239951A8233E5D0600AD2675;
			productRefGroup = 239951B2233E5D0600AD2675 /* Products */;
			projectDirPath = "";
			projectRoot = "";
			targets = (
				239951B0233E5D0600AD2675 /* JSReddit */,
			);
		};
/* End PBXProject section */

/* Begin PBXResourcesBuildPhase section */
		239951AF233E5D0600AD2675 /* Resources */ = {
			isa = PBXResourcesBuildPhase;
			buildActionMask = 2147483647;
			files = (
				239951D0233E9A2900AD2675 /* Main.storyboard in Resources */,
				239951CD233E9A2900AD2675 /* Assets.xcassets in Resources */,
				239951CF233E9A2900AD2675 /* LaunchScreen.storyboard in Resources */,
				239951D6233EA24B00AD2675 /* PostTableViewCell.xib in Resources */,
			);
			runOnlyForDeploymentPostprocessing = 0;
		};
/* End PBXResourcesBuildPhase section */

/* Begin PBXSourcesBuildPhase section */
		239951AD233E5D0600AD2675 /* Sources */ = {
			isa = PBXSourcesBuildPhase;
			buildActionMask = 2147483647;
			files = (
				239951F9233F9A3200AD2675 /* DetailViewController+UserNameLabel.swift in Sources */,
				239951F6233F869200AD2675 /* DetailViewController.swift in Sources */,
				23995200233FA62900AD2675 /* SaveGalleryManager.swift in Sources */,
				239951FD233F9AE200AD2675 /* DetailViewController+PostLabel.swift in Sources */,
				239951DC233EB58600AD2675 /* PostViewModelProtocol.swift in Sources */,
				23995204233FB66E00AD2675 /* SaveGalleryManagerProtocol.swift in Sources */,
				239951FB233F9AAE00AD2675 /* DetailViewController+PostImage.swift in Sources */,
				239951EC233F857B00AD2675 /* UserInteractionProtocol.swift in Sources */,
				239951F2233F867100AD2675 /* HomeViewController+InteractionProtocol.swift in Sources */,
				23E29E89233FF97F00C0A80A /* RedditResponseDto.swift in Sources */,
				23995206233FC6DB00AD2675 /* LocalStorageManager.swift in Sources */,
				239951E2233EB81200AD2675 /* PostViewModel.swift in Sources */,
				239951B5233E5D0600AD2675 /* AppDelegate.swift in Sources */,
				239951F3233F867100AD2675 /* HomeViewController.swift in Sources */,
				239951D5233EA24B00AD2675 /* PostTableViewCell.swift in Sources */,
				239951E8233EBD0500AD2675 /* RemoteImage+UIImageView.swift in Sources */,
				23995209233FE4D100AD2675 /* NetworkService.swift in Sources */,
				23995202233FA8DA00AD2675 /* DetailViewController+SaveGallery.swift in Sources */,
				2399520C233FE53300AD2675 /* ReditApiNetworkRouter.swift in Sources */,
				239951DF233EB63F00AD2675 /* PostMock.swift in Sources */,
				239951F1233F867100AD2675 /* HomeViewController+TableView.swift in Sources */,
				23E29E8B233FFC8A00C0A80A /* RedditPostsService.swift in Sources */,
			);
			runOnlyForDeploymentPostprocessing = 0;
		};
/* End PBXSourcesBuildPhase section */

/* Begin XCBuildConfiguration section */
		239951C1233E5D0700AD2675 /* Debug */ = {
			isa = XCBuildConfiguration;
			buildSettings = {
				ALWAYS_SEARCH_USER_PATHS = NO;
				CLANG_ANALYZER_NONNULL = YES;
				CLANG_ANALYZER_NUMBER_OBJECT_CONVERSION = YES_AGGRESSIVE;
				CLANG_CXX_LANGUAGE_STANDARD = "gnu++14";
				CLANG_CXX_LIBRARY = "libc++";
				CLANG_ENABLE_MODULES = YES;
				CLANG_ENABLE_OBJC_ARC = YES;
				CLANG_ENABLE_OBJC_WEAK = YES;
				CLANG_WARN_BLOCK_CAPTURE_AUTORELEASING = YES;
				CLANG_WARN_BOOL_CONVERSION = YES;
				CLANG_WARN_COMMA = YES;
				CLANG_WARN_CONSTANT_CONVERSION = YES;
				CLANG_WARN_DEPRECATED_OBJC_IMPLEMENTATIONS = YES;
				CLANG_WARN_DIRECT_OBJC_ISA_USAGE = YES_ERROR;
				CLANG_WARN_DOCUMENTATION_COMMENTS = YES;
				CLANG_WARN_EMPTY_BODY = YES;
				CLANG_WARN_ENUM_CONVERSION = YES;
				CLANG_WARN_INFINITE_RECURSION = YES;
				CLANG_WARN_INT_CONVERSION = YES;
				CLANG_WARN_NON_LITERAL_NULL_CONVERSION = YES;
				CLANG_WARN_OBJC_IMPLICIT_RETAIN_SELF = YES;
				CLANG_WARN_OBJC_LITERAL_CONVERSION = YES;
				CLANG_WARN_OBJC_ROOT_CLASS = YES_ERROR;
				CLANG_WARN_RANGE_LOOP_ANALYSIS = YES;
				CLANG_WARN_STRICT_PROTOTYPES = YES;
				CLANG_WARN_SUSPICIOUS_MOVE = YES;
				CLANG_WARN_UNGUARDED_AVAILABILITY = YES_AGGRESSIVE;
				CLANG_WARN_UNREACHABLE_CODE = YES;
				CLANG_WARN__DUPLICATE_METHOD_MATCH = YES;
				CODE_SIGN_IDENTITY = "iPhone Developer";
				COPY_PHASE_STRIP = NO;
				DEBUG_INFORMATION_FORMAT = dwarf;
				ENABLE_STRICT_OBJC_MSGSEND = YES;
				ENABLE_TESTABILITY = YES;
				GCC_C_LANGUAGE_STANDARD = gnu11;
				GCC_DYNAMIC_NO_PIC = NO;
				GCC_NO_COMMON_BLOCKS = YES;
				GCC_OPTIMIZATION_LEVEL = 0;
				GCC_PREPROCESSOR_DEFINITIONS = (
					"DEBUG=1",
					"$(inherited)",
				);
				GCC_WARN_64_TO_32_BIT_CONVERSION = YES;
				GCC_WARN_ABOUT_RETURN_TYPE = YES_ERROR;
				GCC_WARN_UNDECLARED_SELECTOR = YES;
				GCC_WARN_UNINITIALIZED_AUTOS = YES_AGGRESSIVE;
				GCC_WARN_UNUSED_FUNCTION = YES;
				GCC_WARN_UNUSED_VARIABLE = YES;
				IPHONEOS_DEPLOYMENT_TARGET = 12.1;
				MTL_ENABLE_DEBUG_INFO = INCLUDE_SOURCE;
				MTL_FAST_MATH = YES;
				ONLY_ACTIVE_ARCH = YES;
				SDKROOT = iphoneos;
				SWIFT_ACTIVE_COMPILATION_CONDITIONS = DEBUG;
				SWIFT_OPTIMIZATION_LEVEL = "-Onone";
			};
			name = Debug;
		};
		239951C2233E5D0700AD2675 /* Release */ = {
			isa = XCBuildConfiguration;
			buildSettings = {
				ALWAYS_SEARCH_USER_PATHS = NO;
				CLANG_ANALYZER_NONNULL = YES;
				CLANG_ANALYZER_NUMBER_OBJECT_CONVERSION = YES_AGGRESSIVE;
				CLANG_CXX_LANGUAGE_STANDARD = "gnu++14";
				CLANG_CXX_LIBRARY = "libc++";
				CLANG_ENABLE_MODULES = YES;
				CLANG_ENABLE_OBJC_ARC = YES;
				CLANG_ENABLE_OBJC_WEAK = YES;
				CLANG_WARN_BLOCK_CAPTURE_AUTORELEASING = YES;
				CLANG_WARN_BOOL_CONVERSION = YES;
				CLANG_WARN_COMMA = YES;
				CLANG_WARN_CONSTANT_CONVERSION = YES;
				CLANG_WARN_DEPRECATED_OBJC_IMPLEMENTATIONS = YES;
				CLANG_WARN_DIRECT_OBJC_ISA_USAGE = YES_ERROR;
				CLANG_WARN_DOCUMENTATION_COMMENTS = YES;
				CLANG_WARN_EMPTY_BODY = YES;
				CLANG_WARN_ENUM_CONVERSION = YES;
				CLANG_WARN_INFINITE_RECURSION = YES;
				CLANG_WARN_INT_CONVERSION = YES;
				CLANG_WARN_NON_LITERAL_NULL_CONVERSION = YES;
				CLANG_WARN_OBJC_IMPLICIT_RETAIN_SELF = YES;
				CLANG_WARN_OBJC_LITERAL_CONVERSION = YES;
				CLANG_WARN_OBJC_ROOT_CLASS = YES_ERROR;
				CLANG_WARN_RANGE_LOOP_ANALYSIS = YES;
				CLANG_WARN_STRICT_PROTOTYPES = YES;
				CLANG_WARN_SUSPICIOUS_MOVE = YES;
				CLANG_WARN_UNGUARDED_AVAILABILITY = YES_AGGRESSIVE;
				CLANG_WARN_UNREACHABLE_CODE = YES;
				CLANG_WARN__DUPLICATE_METHOD_MATCH = YES;
				CODE_SIGN_IDENTITY = "iPhone Developer";
				COPY_PHASE_STRIP = NO;
				DEBUG_INFORMATION_FORMAT = "dwarf-with-dsym";
				ENABLE_NS_ASSERTIONS = NO;
				ENABLE_STRICT_OBJC_MSGSEND = YES;
				GCC_C_LANGUAGE_STANDARD = gnu11;
				GCC_NO_COMMON_BLOCKS = YES;
				GCC_WARN_64_TO_32_BIT_CONVERSION = YES;
				GCC_WARN_ABOUT_RETURN_TYPE = YES_ERROR;
				GCC_WARN_UNDECLARED_SELECTOR = YES;
				GCC_WARN_UNINITIALIZED_AUTOS = YES_AGGRESSIVE;
				GCC_WARN_UNUSED_FUNCTION = YES;
				GCC_WARN_UNUSED_VARIABLE = YES;
				IPHONEOS_DEPLOYMENT_TARGET = 12.1;
				MTL_ENABLE_DEBUG_INFO = NO;
				MTL_FAST_MATH = YES;
				SDKROOT = iphoneos;
				SWIFT_COMPILATION_MODE = wholemodule;
				SWIFT_OPTIMIZATION_LEVEL = "-O";
				VALIDATE_PRODUCT = YES;
			};
			name = Release;
		};
		239951C4233E5D0700AD2675 /* Debug */ = {
			isa = XCBuildConfiguration;
			buildSettings = {
				ASSETCATALOG_COMPILER_APPICON_NAME = AppIcon;
				ASSETCATALOG_COMPILER_LAUNCHIMAGE_NAME = LaunchImage;
				CODE_SIGN_IDENTITY = "Apple Development";
				CODE_SIGN_STYLE = Automatic;
				DEVELOPMENT_TEAM = "";
				INFOPLIST_FILE = JSReddit/Info.plist;
				LD_RUNPATH_SEARCH_PATHS = (
					"$(inherited)",
					"@executable_path/Frameworks",
				);
				PRODUCT_BUNDLE_IDENTIFIER = JS.JSReddit;
				PRODUCT_NAME = "$(TARGET_NAME)";
				PROVISIONING_PROFILE_SPECIFIER = "";
				SWIFT_VERSION = 5.0;
				TARGETED_DEVICE_FAMILY = "1,2";
			};
			name = Debug;
		};
		239951C5233E5D0700AD2675 /* Release */ = {
			isa = XCBuildConfiguration;
			buildSettings = {
				ASSETCATALOG_COMPILER_APPICON_NAME = AppIcon;
				ASSETCATALOG_COMPILER_LAUNCHIMAGE_NAME = LaunchImage;
				CODE_SIGN_IDENTITY = "Apple Development";
				CODE_SIGN_STYLE = Automatic;
				DEVELOPMENT_TEAM = "";
				INFOPLIST_FILE = JSReddit/Info.plist;
				LD_RUNPATH_SEARCH_PATHS = (
					"$(inherited)",
					"@executable_path/Frameworks",
				);
				PRODUCT_BUNDLE_IDENTIFIER = JS.JSReddit;
				PRODUCT_NAME = "$(TARGET_NAME)";
				PROVISIONING_PROFILE_SPECIFIER = "";
				SWIFT_VERSION = 5.0;
				TARGETED_DEVICE_FAMILY = "1,2";
			};
			name = Release;
		};
/* End XCBuildConfiguration section */

/* Begin XCConfigurationList section */
		239951AC233E5D0600AD2675 /* Build configuration list for PBXProject "JSReddit" */ = {
			isa = XCConfigurationList;
			buildConfigurations = (
				239951C1233E5D0700AD2675 /* Debug */,
				239951C2233E5D0700AD2675 /* Release */,
			);
			defaultConfigurationIsVisible = 0;
			defaultConfigurationName = Release;
		};
		239951C3233E5D0700AD2675 /* Build configuration list for PBXNativeTarget "JSReddit" */ = {
			isa = XCConfigurationList;
			buildConfigurations = (
				239951C4233E5D0700AD2675 /* Debug */,
				239951C5233E5D0700AD2675 /* Release */,
			);
			defaultConfigurationIsVisible = 0;
			defaultConfigurationName = Release;
		};
/* End XCConfigurationList section */
	};
	rootObject = 239951A9233E5D0600AD2675 /* Project object */;
}
